# This file is autogenerated, do not edit; changes may be undone by the next 'dep ensure'.


[[projects]]
  digest = "1:c08f898868838e16e9f6caa00ea6eeb2bcbfcd8a374f602c3e3b305092079a3f"
  name = "github.com/cbroglie/mustache"
  packages = ["."]
  pruneopts = "UT"
  revision = "eb931a9d20042e51d8a3a9ad5a9ba9bc8282c564"
  version = "v1.0.1"

[solve-meta]
  analyzer-name = "dep"
  analyzer-version = 1
  input-imports = ["github.com/cbroglie/mustache"]
  solver-name = "gps-cdcl"
  solver-version = 1
